
Microsoft Visual Studio Solution File, Format Version 12.00
# Visual Studio 14
VisualStudioVersion = 14.0.25420.1
MinimumVisualStudioVersion = 10.0.40219.1
Project("{FAE04EC0-301F-11D3-BF4B-00C04F79EFBC}") = "AlocateArray", "AlocateArray\AlocateArray.csproj", "{49785B25-0995-48C7-92DA-F27177F5C7E9}"
EndProject
Project("{FAE04EC0-301F-11D3-BF4B-00C04F79EFBC}") = "CompareArrays", "CompareArrays\CompareArrays.csproj", "{B190646E-9EDA-42FF-A74D-3152B6D24FAD}"
EndProject
Project("{FAE04EC0-301F-11D3-BF4B-00C04F79EFBC}") = "CompareCharArrays", "CompareCharArrays\CompareCharArrays.csproj", "{00C20F85-3054-4AAC-86FD-02E750EA5257}"
EndProject
Project("{FAE04EC0-301F-11D3-BF4B-00C04F79EFBC}") = "MaximalSequence", "MaximalSequence\MaximalSequence.csproj", "{A9BD6650-B0BD-46F3-ABC7-AEFBE8261F39}"
EndProject
Project("{FAE04EC0-301F-11D3-BF4B-00C04F79EFBC}") = "BirthsAndFeathers", "BirthsAndFeathers\BirthsAndFeathers.csproj", "{A37AAC54-C555-4216-AA58-490CC0505553}"
EndProject
Project("{FAE04EC0-301F-11D3-BF4B-00C04F79EFBC}") = "Busses", "Busses\Busses.csproj", "{6CE9BFCA-7BA8-4297-B9F6-8FA44BFD32F0}"
EndProject
Project("{FAE04EC0-301F-11D3-BF4B-00C04F79EFBC}") = "NumberPages", "NumberPages\NumberPages.csproj", "{2C00449E-78D2-4369-9C6F-C92B1DE113F4}"
EndProject
Project("{FAE04EC0-301F-11D3-BF4B-00C04F79EFBC}") = "squirrels", "squirrels\squirrels.csproj", "{CD4B3A25-4553-49BB-8494-29DBAA66D581}"
EndProject
Project("{FAE04EC0-301F-11D3-BF4B-00C04F79EFBC}") = "Speeds", "Speeds\Speeds.csproj", "{C21C5558-7432-492B-A9B3-73DBF6901A7D}"
EndProject
Project("{FAE04EC0-301F-11D3-BF4B-00C04F79EFBC}") = "EvenDivisors", "EvenDivisors\EvenDivisors.csproj", "{CAE4FB5B-D651-46FE-B6A5-FA22E345420D}"
EndProject
Project("{FAE04EC0-301F-11D3-BF4B-00C04F79EFBC}") = "SumOddDivisor", "SumOddDivisor\SumOddDivisor.csproj", "{F652F4B3-8215-4851-98B9-044BDC238B20}"
EndProject
Project("{FAE04EC0-301F-11D3-BF4B-00C04F79EFBC}") = "MaximalIncreasingSequence", "MaximalIncreasingSequence\MaximalIncreasingSequence.csproj", "{0274F47A-93EC-44EC-94CF-6A621477DAE4}"
EndProject
Project("{FAE04EC0-301F-11D3-BF4B-00C04F79EFBC}") = "MaximalKSum", "MaximalKSum\MaximalKSum.csproj", "{93660172-68B8-4FA9-B72B-535B61D09690}"
EndProject
Project("{FAE04EC0-301F-11D3-BF4B-00C04F79EFBC}") = "SellectionSort", "SellectionSort\SellectionSort.csproj", "{3F462E0F-C12A-4509-82EC-D70C4D597239}"
EndProject
Project("{FAE04EC0-301F-11D3-BF4B-00C04F79EFBC}") = "MaximalSum", "MaximalSum\MaximalSum.csproj", "{EC96C933-5BED-4BA7-90EF-049C5177BD2F}"
EndProject
Project("{FAE04EC0-301F-11D3-BF4B-00C04F79EFBC}") = "MostFrequent", "MostFrequent\MostFrequent.csproj", "{DEC58C8F-15EB-4A7E-9569-E696DC75DBFC}"
EndProject
Project("{FAE04EC0-301F-11D3-BF4B-00C04F79EFBC}") = "SumInArray", "SumInArray\SumInArray.csproj", "{5CC33DEC-AC6B-4341-A0BD-4C127144B652}"
EndProject
Project("{FAE04EC0-301F-11D3-BF4B-00C04F79EFBC}") = "Tests", "Tests\Tests.csproj", "{307BD02F-7266-4433-9059-FDFCF7C99A1C}"
EndProject
Project("{FAE04EC0-301F-11D3-BF4B-00C04F79EFBC}") = "VendingMachine", "VendingMachine\VendingMachine.csproj", "{653F9E2F-3621-4915-9BD5-64D2580F169E}"
EndProject
Project("{FAE04EC0-301F-11D3-BF4B-00C04F79EFBC}") = "DrunkenNumbers", "DrunkenNumbers\DrunkenNumbers.csproj", "{A97CF54F-16E0-47E2-A1E9-E7FBD11AF6BE}"
EndProject
Project("{FAE04EC0-301F-11D3-BF4B-00C04F79EFBC}") = "BullsAndCows", "BullsAndCows\BullsAndCows.csproj", "{18AAEA27-8B81-4FC4-BBD5-E5533AF3F96C}"
EndProject
Project("{FAE04EC0-301F-11D3-BF4B-00C04F79EFBC}") = "Fire", "Fire\Fire.csproj", "{607A2F1B-194C-4AB6-9E69-174F4F3B3507}"
EndProject
Project("{FAE04EC0-301F-11D3-BF4B-00C04F79EFBC}") = "SecretSequence", "SecretSequence\SecretSequence.csproj", "{F79E032E-07E4-4EAE-86AE-5A08F01D134C}"
EndProject
Project("{FAE04EC0-301F-11D3-BF4B-00C04F79EFBC}") = "BatGoiko", "BatGoiko\BatGoiko.csproj", "{0246C348-66CB-45CE-8A30-04A66B8E30D8}"
EndProject
Project("{FAE04EC0-301F-11D3-BF4B-00C04F79EFBC}") = "GoikoTest", "GoikoTest\GoikoTest.csproj", "{82AB1CB4-EA3D-493A-B58D-C4433EBB45A8}"
EndProject
Project("{FAE04EC0-301F-11D3-BF4B-00C04F79EFBC}") = "IndexOfLetters", "IndexOfLetters\IndexOfLetters.csproj", "{1FB801B9-32B8-4B97-95FD-1C953D601FEB}"
EndProject
Project("{FAE04EC0-301F-11D3-BF4B-00C04F79EFBC}") = "MalkoKote", "MalkoKote\MalkoKote.csproj", "{DF3C4DCF-C324-4871-821F-D06AF6D93A07}"
EndProject
Project("{FAE04EC0-301F-11D3-BF4B-00C04F79EFBC}") = "MergeSort", "MergeSort\MergeSort.csproj", "{4C0F5A9F-BB93-4315-99D0-4EC7A6A477E1}"
EndProject
Project("{FAE04EC0-301F-11D3-BF4B-00C04F79EFBC}") = "QuickSort", "QuickSort\QuickSort.csproj", "{46D95D08-9725-42EF-9060-306D9E976004}"
EndProject
Project("{FAE04EC0-301F-11D3-BF4B-00C04F79EFBC}") = "PrimeNumbers", "PrimeNumbers\PrimeNumbers.csproj", "{857712E4-99FF-47FC-B43B-58AEBE27D99C}"
EndProject
Project("{FAE04EC0-301F-11D3-BF4B-00C04F79EFBC}") = "BinarySearch", "BinarySearch\BinarySearch.csproj", "{BCB06227-8806-4E49-B7A5-F6A774B24B89}"
EndProject
Project("{FAE04EC0-301F-11D3-BF4B-00C04F79EFBC}") = "RemoveElements", "RemoveElements\RemoveElements.csproj", "{37E9DBC5-FD34-4D45-A9EA-576887FDA3C0}"
EndProject
Project("{FAE04EC0-301F-11D3-BF4B-00C04F79EFBC}") = "FirstTask", "FirstTask\FirstTask.csproj", "{AC42CD04-BFAE-4ED8-90CB-515FB9E5CF7D}"
EndProject
Project("{FAE04EC0-301F-11D3-BF4B-00C04F79EFBC}") = "SecondTask", "SecondTask\SecondTask.csproj", "{EE8BCFAF-4521-44E1-B6B6-7B1A64684122}"
EndProject
Project("{FAE04EC0-301F-11D3-BF4B-00C04F79EFBC}") = "ThirdTask", "ThirdTask\ThirdTask.csproj", "{E916F483-6A58-484D-899E-DED6BA994BFD}"
EndProject
Project("{FAE04EC0-301F-11D3-BF4B-00C04F79EFBC}") = "TsakiTask", "TsakiTask\TsakiTask.csproj", "{787BD3EE-64F4-4C86-9F31-1B761E78415C}"
EndProject
Global
	GlobalSection(SolutionConfigurationPlatforms) = preSolution
		Debug|Any CPU = Debug|Any CPU
		Release|Any CPU = Release|Any CPU
	EndGlobalSection
	GlobalSection(ProjectConfigurationPlatforms) = postSolution
		{49785B25-0995-48C7-92DA-F27177F5C7E9}.Debug|Any CPU.ActiveCfg = Debug|Any CPU
		{49785B25-0995-48C7-92DA-F27177F5C7E9}.Debug|Any CPU.Build.0 = Debug|Any CPU
		{49785B25-0995-48C7-92DA-F27177F5C7E9}.Release|Any CPU.ActiveCfg = Release|Any CPU
		{49785B25-0995-48C7-92DA-F27177F5C7E9}.Release|Any CPU.Build.0 = Release|Any CPU
		{B190646E-9EDA-42FF-A74D-3152B6D24FAD}.Debug|Any CPU.ActiveCfg = Debug|Any CPU
		{B190646E-9EDA-42FF-A74D-3152B6D24FAD}.Debug|Any CPU.Build.0 = Debug|Any CPU
		{B190646E-9EDA-42FF-A74D-3152B6D24FAD}.Release|Any CPU.ActiveCfg = Release|Any CPU
		{B190646E-9EDA-42FF-A74D-3152B6D24FAD}.Release|Any CPU.Build.0 = Release|Any CPU
		{00C20F85-3054-4AAC-86FD-02E750EA5257}.Debug|Any CPU.ActiveCfg = Debug|Any CPU
		{00C20F85-3054-4AAC-86FD-02E750EA5257}.Debug|Any CPU.Build.0 = Debug|Any CPU
		{00C20F85-3054-4AAC-86FD-02E750EA5257}.Release|Any CPU.ActiveCfg = Release|Any CPU
		{00C20F85-3054-4AAC-86FD-02E750EA5257}.Release|Any CPU.Build.0 = Release|Any CPU
		{A9BD6650-B0BD-46F3-ABC7-AEFBE8261F39}.Debug|Any CPU.ActiveCfg = Debug|Any CPU
		{A9BD6650-B0BD-46F3-ABC7-AEFBE8261F39}.Debug|Any CPU.Build.0 = Debug|Any CPU
		{A9BD6650-B0BD-46F3-ABC7-AEFBE8261F39}.Release|Any CPU.ActiveCfg = Release|Any CPU
		{A9BD6650-B0BD-46F3-ABC7-AEFBE8261F39}.Release|Any CPU.Build.0 = Release|Any CPU
		{A37AAC54-C555-4216-AA58-490CC0505553}.Debug|Any CPU.ActiveCfg = Debug|Any CPU
		{A37AAC54-C555-4216-AA58-490CC0505553}.Debug|Any CPU.Build.0 = Debug|Any CPU
		{A37AAC54-C555-4216-AA58-490CC0505553}.Release|Any CPU.ActiveCfg = Release|Any CPU
		{A37AAC54-C555-4216-AA58-490CC0505553}.Release|Any CPU.Build.0 = Release|Any CPU
		{6CE9BFCA-7BA8-4297-B9F6-8FA44BFD32F0}.Debug|Any CPU.ActiveCfg = Debug|Any CPU
		{6CE9BFCA-7BA8-4297-B9F6-8FA44BFD32F0}.Debug|Any CPU.Build.0 = Debug|Any CPU
		{6CE9BFCA-7BA8-4297-B9F6-8FA44BFD32F0}.Release|Any CPU.ActiveCfg = Release|Any CPU
		{6CE9BFCA-7BA8-4297-B9F6-8FA44BFD32F0}.Release|Any CPU.Build.0 = Release|Any CPU
		{2C00449E-78D2-4369-9C6F-C92B1DE113F4}.Debug|Any CPU.ActiveCfg = Debug|Any CPU
		{2C00449E-78D2-4369-9C6F-C92B1DE113F4}.Debug|Any CPU.Build.0 = Debug|Any CPU
		{2C00449E-78D2-4369-9C6F-C92B1DE113F4}.Release|Any CPU.ActiveCfg = Release|Any CPU
		{2C00449E-78D2-4369-9C6F-C92B1DE113F4}.Release|Any CPU.Build.0 = Release|Any CPU
		{CD4B3A25-4553-49BB-8494-29DBAA66D581}.Debug|Any CPU.ActiveCfg = Debug|Any CPU
		{CD4B3A25-4553-49BB-8494-29DBAA66D581}.Debug|Any CPU.Build.0 = Debug|Any CPU
		{CD4B3A25-4553-49BB-8494-29DBAA66D581}.Release|Any CPU.ActiveCfg = Release|Any CPU
		{CD4B3A25-4553-49BB-8494-29DBAA66D581}.Release|Any CPU.Build.0 = Release|Any CPU
		{C21C5558-7432-492B-A9B3-73DBF6901A7D}.Debug|Any CPU.ActiveCfg = Debug|Any CPU
		{C21C5558-7432-492B-A9B3-73DBF6901A7D}.Debug|Any CPU.Build.0 = Debug|Any CPU
		{C21C5558-7432-492B-A9B3-73DBF6901A7D}.Release|Any CPU.ActiveCfg = Release|Any CPU
		{C21C5558-7432-492B-A9B3-73DBF6901A7D}.Release|Any CPU.Build.0 = Release|Any CPU
		{CAE4FB5B-D651-46FE-B6A5-FA22E345420D}.Debug|Any CPU.ActiveCfg = Debug|Any CPU
		{CAE4FB5B-D651-46FE-B6A5-FA22E345420D}.Debug|Any CPU.Build.0 = Debug|Any CPU
		{CAE4FB5B-D651-46FE-B6A5-FA22E345420D}.Release|Any CPU.ActiveCfg = Release|Any CPU
		{CAE4FB5B-D651-46FE-B6A5-FA22E345420D}.Release|Any CPU.Build.0 = Release|Any CPU
		{F652F4B3-8215-4851-98B9-044BDC238B20}.Debug|Any CPU.ActiveCfg = Debug|Any CPU
		{F652F4B3-8215-4851-98B9-044BDC238B20}.Debug|Any CPU.Build.0 = Debug|Any CPU
		{F652F4B3-8215-4851-98B9-044BDC238B20}.Release|Any CPU.ActiveCfg = Release|Any CPU
		{F652F4B3-8215-4851-98B9-044BDC238B20}.Release|Any CPU.Build.0 = Release|Any CPU
		{0274F47A-93EC-44EC-94CF-6A621477DAE4}.Debug|Any CPU.ActiveCfg = Debug|Any CPU
		{0274F47A-93EC-44EC-94CF-6A621477DAE4}.Debug|Any CPU.Build.0 = Debug|Any CPU
		{0274F47A-93EC-44EC-94CF-6A621477DAE4}.Release|Any CPU.ActiveCfg = Release|Any CPU
		{0274F47A-93EC-44EC-94CF-6A621477DAE4}.Release|Any CPU.Build.0 = Release|Any CPU
		{93660172-68B8-4FA9-B72B-535B61D09690}.Debug|Any CPU.ActiveCfg = Debug|Any CPU
		{93660172-68B8-4FA9-B72B-535B61D09690}.Debug|Any CPU.Build.0 = Debug|Any CPU
		{93660172-68B8-4FA9-B72B-535B61D09690}.Release|Any CPU.ActiveCfg = Release|Any CPU
		{93660172-68B8-4FA9-B72B-535B61D09690}.Release|Any CPU.Build.0 = Release|Any CPU
		{3F462E0F-C12A-4509-82EC-D70C4D597239}.Debug|Any CPU.ActiveCfg = Debug|Any CPU
		{3F462E0F-C12A-4509-82EC-D70C4D597239}.Debug|Any CPU.Build.0 = Debug|Any CPU
		{3F462E0F-C12A-4509-82EC-D70C4D597239}.Release|Any CPU.ActiveCfg = Release|Any CPU
		{3F462E0F-C12A-4509-82EC-D70C4D597239}.Release|Any CPU.Build.0 = Release|Any CPU
		{EC96C933-5BED-4BA7-90EF-049C5177BD2F}.Debug|Any CPU.ActiveCfg = Debug|Any CPU
		{EC96C933-5BED-4BA7-90EF-049C5177BD2F}.Debug|Any CPU.Build.0 = Debug|Any CPU
		{EC96C933-5BED-4BA7-90EF-049C5177BD2F}.Release|Any CPU.ActiveCfg = Release|Any CPU
		{EC96C933-5BED-4BA7-90EF-049C5177BD2F}.Release|Any CPU.Build.0 = Release|Any CPU
		{DEC58C8F-15EB-4A7E-9569-E696DC75DBFC}.Debug|Any CPU.ActiveCfg = Debug|Any CPU
		{DEC58C8F-15EB-4A7E-9569-E696DC75DBFC}.Debug|Any CPU.Build.0 = Debug|Any CPU
		{DEC58C8F-15EB-4A7E-9569-E696DC75DBFC}.Release|Any CPU.ActiveCfg = Release|Any CPU
		{DEC58C8F-15EB-4A7E-9569-E696DC75DBFC}.Release|Any CPU.Build.0 = Release|Any CPU
		{5CC33DEC-AC6B-4341-A0BD-4C127144B652}.Debug|Any CPU.ActiveCfg = Debug|Any CPU
		{5CC33DEC-AC6B-4341-A0BD-4C127144B652}.Debug|Any CPU.Build.0 = Debug|Any CPU
		{5CC33DEC-AC6B-4341-A0BD-4C127144B652}.Release|Any CPU.ActiveCfg = Release|Any CPU
		{5CC33DEC-AC6B-4341-A0BD-4C127144B652}.Release|Any CPU.Build.0 = Release|Any CPU
		{307BD02F-7266-4433-9059-FDFCF7C99A1C}.Debug|Any CPU.ActiveCfg = Debug|Any CPU
		{307BD02F-7266-4433-9059-FDFCF7C99A1C}.Debug|Any CPU.Build.0 = Debug|Any CPU
		{307BD02F-7266-4433-9059-FDFCF7C99A1C}.Release|Any CPU.ActiveCfg = Release|Any CPU
		{307BD02F-7266-4433-9059-FDFCF7C99A1C}.Release|Any CPU.Build.0 = Release|Any CPU
		{653F9E2F-3621-4915-9BD5-64D2580F169E}.Debug|Any CPU.ActiveCfg = Debug|Any CPU
		{653F9E2F-3621-4915-9BD5-64D2580F169E}.Debug|Any CPU.Build.0 = Debug|Any CPU
		{653F9E2F-3621-4915-9BD5-64D2580F169E}.Release|Any CPU.ActiveCfg = Release|Any CPU
		{653F9E2F-3621-4915-9BD5-64D2580F169E}.Release|Any CPU.Build.0 = Release|Any CPU
		{A97CF54F-16E0-47E2-A1E9-E7FBD11AF6BE}.Debug|Any CPU.ActiveCfg = Debug|Any CPU
		{A97CF54F-16E0-47E2-A1E9-E7FBD11AF6BE}.Debug|Any CPU.Build.0 = Debug|Any CPU
		{A97CF54F-16E0-47E2-A1E9-E7FBD11AF6BE}.Release|Any CPU.ActiveCfg = Release|Any CPU
		{A97CF54F-16E0-47E2-A1E9-E7FBD11AF6BE}.Release|Any CPU.Build.0 = Release|Any CPU
		{18AAEA27-8B81-4FC4-BBD5-E5533AF3F96C}.Debug|Any CPU.ActiveCfg = Debug|Any CPU
		{18AAEA27-8B81-4FC4-BBD5-E5533AF3F96C}.Debug|Any CPU.Build.0 = Debug|Any CPU
		{18AAEA27-8B81-4FC4-BBD5-E5533AF3F96C}.Release|Any CPU.ActiveCfg = Release|Any CPU
		{18AAEA27-8B81-4FC4-BBD5-E5533AF3F96C}.Release|Any CPU.Build.0 = Release|Any CPU
		{607A2F1B-194C-4AB6-9E69-174F4F3B3507}.Debug|Any CPU.ActiveCfg = Debug|Any CPU
		{607A2F1B-194C-4AB6-9E69-174F4F3B3507}.Debug|Any CPU.Build.0 = Debug|Any CPU
		{607A2F1B-194C-4AB6-9E69-174F4F3B3507}.Release|Any CPU.ActiveCfg = Release|Any CPU
		{607A2F1B-194C-4AB6-9E69-174F4F3B3507}.Release|Any CPU.Build.0 = Release|Any CPU
		{F79E032E-07E4-4EAE-86AE-5A08F01D134C}.Debug|Any CPU.ActiveCfg = Debug|Any CPU
		{F79E032E-07E4-4EAE-86AE-5A08F01D134C}.Debug|Any CPU.Build.0 = Debug|Any CPU
		{F79E032E-07E4-4EAE-86AE-5A08F01D134C}.Release|Any CPU.ActiveCfg = Release|Any CPU
		{F79E032E-07E4-4EAE-86AE-5A08F01D134C}.Release|Any CPU.Build.0 = Release|Any CPU
		{0246C348-66CB-45CE-8A30-04A66B8E30D8}.Debug|Any CPU.ActiveCfg = Debug|Any CPU
		{0246C348-66CB-45CE-8A30-04A66B8E30D8}.Debug|Any CPU.Build.0 = Debug|Any CPU
		{0246C348-66CB-45CE-8A30-04A66B8E30D8}.Release|Any CPU.ActiveCfg = Release|Any CPU
		{0246C348-66CB-45CE-8A30-04A66B8E30D8}.Release|Any CPU.Build.0 = Release|Any CPU
		{82AB1CB4-EA3D-493A-B58D-C4433EBB45A8}.Debug|Any CPU.ActiveCfg = Debug|Any CPU
		{82AB1CB4-EA3D-493A-B58D-C4433EBB45A8}.Debug|Any CPU.Build.0 = Debug|Any CPU
		{82AB1CB4-EA3D-493A-B58D-C4433EBB45A8}.Release|Any CPU.ActiveCfg = Release|Any CPU
		{82AB1CB4-EA3D-493A-B58D-C4433EBB45A8}.Release|Any CPU.Build.0 = Release|Any CPU
		{1FB801B9-32B8-4B97-95FD-1C953D601FEB}.Debug|Any CPU.ActiveCfg = Debug|Any CPU
		{1FB801B9-32B8-4B97-95FD-1C953D601FEB}.Debug|Any CPU.Build.0 = Debug|Any CPU
		{1FB801B9-32B8-4B97-95FD-1C953D601FEB}.Release|Any CPU.ActiveCfg = Release|Any CPU
		{1FB801B9-32B8-4B97-95FD-1C953D601FEB}.Release|Any CPU.Build.0 = Release|Any CPU
		{DF3C4DCF-C324-4871-821F-D06AF6D93A07}.Debug|Any CPU.ActiveCfg = Debug|Any CPU
		{DF3C4DCF-C324-4871-821F-D06AF6D93A07}.Debug|Any CPU.Build.0 = Debug|Any CPU
		{DF3C4DCF-C324-4871-821F-D06AF6D93A07}.Release|Any CPU.ActiveCfg = Release|Any CPU
		{DF3C4DCF-C324-4871-821F-D06AF6D93A07}.Release|Any CPU.Build.0 = Release|Any CPU
		{4C0F5A9F-BB93-4315-99D0-4EC7A6A477E1}.Debug|Any CPU.ActiveCfg = Debug|Any CPU
		{4C0F5A9F-BB93-4315-99D0-4EC7A6A477E1}.Debug|Any CPU.Build.0 = Debug|Any CPU
		{4C0F5A9F-BB93-4315-99D0-4EC7A6A477E1}.Release|Any CPU.ActiveCfg = Release|Any CPU
		{4C0F5A9F-BB93-4315-99D0-4EC7A6A477E1}.Release|Any CPU.Build.0 = Release|Any CPU
		{46D95D08-9725-42EF-9060-306D9E976004}.Debug|Any CPU.ActiveCfg = Debug|Any CPU
		{46D95D08-9725-42EF-9060-306D9E976004}.Debug|Any CPU.Build.0 = Debug|Any CPU
		{46D95D08-9725-42EF-9060-306D9E976004}.Release|Any CPU.ActiveCfg = Release|Any CPU
		{46D95D08-9725-42EF-9060-306D9E976004}.Release|Any CPU.Build.0 = Release|Any CPU
		{857712E4-99FF-47FC-B43B-58AEBE27D99C}.Debug|Any CPU.ActiveCfg = Debug|Any CPU
		{857712E4-99FF-47FC-B43B-58AEBE27D99C}.Debug|Any CPU.Build.0 = Debug|Any CPU
		{857712E4-99FF-47FC-B43B-58AEBE27D99C}.Release|Any CPU.ActiveCfg = Release|Any CPU
		{857712E4-99FF-47FC-B43B-58AEBE27D99C}.Release|Any CPU.Build.0 = Release|Any CPU
		{BCB06227-8806-4E49-B7A5-F6A774B24B89}.Debug|Any CPU.ActiveCfg = Debug|Any CPU
		{BCB06227-8806-4E49-B7A5-F6A774B24B89}.Debug|Any CPU.Build.0 = Debug|Any CPU
		{BCB06227-8806-4E49-B7A5-F6A774B24B89}.Release|Any CPU.ActiveCfg = Release|Any CPU
		{BCB06227-8806-4E49-B7A5-F6A774B24B89}.Release|Any CPU.Build.0 = Release|Any CPU
		{37E9DBC5-FD34-4D45-A9EA-576887FDA3C0}.Debug|Any CPU.ActiveCfg = Debug|Any CPU
		{37E9DBC5-FD34-4D45-A9EA-576887FDA3C0}.Debug|Any CPU.Build.0 = Debug|Any CPU
		{37E9DBC5-FD34-4D45-A9EA-576887FDA3C0}.Release|Any CPU.ActiveCfg = Release|Any CPU
		{37E9DBC5-FD34-4D45-A9EA-576887FDA3C0}.Release|Any CPU.Build.0 = Release|Any CPU
		{AC42CD04-BFAE-4ED8-90CB-515FB9E5CF7D}.Debug|Any CPU.ActiveCfg = Debug|Any CPU
		{AC42CD04-BFAE-4ED8-90CB-515FB9E5CF7D}.Debug|Any CPU.Build.0 = Debug|Any CPU
		{AC42CD04-BFAE-4ED8-90CB-515FB9E5CF7D}.Release|Any CPU.ActiveCfg = Release|Any CPU
		{AC42CD04-BFAE-4ED8-90CB-515FB9E5CF7D}.Release|Any CPU.Build.0 = Release|Any CPU
		{EE8BCFAF-4521-44E1-B6B6-7B1A64684122}.Debug|Any CPU.ActiveCfg = Debug|Any CPU
		{EE8BCFAF-4521-44E1-B6B6-7B1A64684122}.Debug|Any CPU.Build.0 = Debug|Any CPU
		{EE8BCFAF-4521-44E1-B6B6-7B1A64684122}.Release|Any CPU.ActiveCfg = Release|Any CPU
		{EE8BCFAF-4521-44E1-B6B6-7B1A64684122}.Release|Any CPU.Build.0 = Release|Any CPU
		{E916F483-6A58-484D-899E-DED6BA994BFD}.Debug|Any CPU.ActiveCfg = Debug|Any CPU
		{E916F483-6A58-484D-899E-DED6BA994BFD}.Debug|Any CPU.Build.0 = Debug|Any CPU
		{E916F483-6A58-484D-899E-DED6BA994BFD}.Release|Any CPU.ActiveCfg = Release|Any CPU
		{E916F483-6A58-484D-899E-DED6BA994BFD}.Release|Any CPU.Build.0 = Release|Any CPU
		{787BD3EE-64F4-4C86-9F31-1B761E78415C}.Debug|Any CPU.ActiveCfg = Debug|Any CPU
		{787BD3EE-64F4-4C86-9F31-1B761E78415C}.Debug|Any CPU.Build.0 = Debug|Any CPU
		{787BD3EE-64F4-4C86-9F31-1B761E78415C}.Release|Any CPU.ActiveCfg = Release|Any CPU
		{787BD3EE-64F4-4C86-9F31-1B761E78415C}.Release|Any CPU.Build.0 = Release|Any CPU
	EndGlobalSection
	GlobalSection(SolutionProperties) = preSolution
		HideSolutionNode = FALSE
	EndGlobalSection
EndGlobal
